uuid: 9a44660f-d978-4b65-8200-854b1ccfabdd
langcode: en
status: true
dependencies:
  content:
    - 'block_content:basic:980e3db1-c293-4ef1-8909-4220e0772e98'
  module:
    - block_content
    - system
  theme:
    - tara
id: heythisiscustomablock
theme: tara
region: content
weight: 0
provider: null
plugin: 'block_content:980e3db1-c293-4ef1-8909-4220e0772e98'
settings:
  id: 'block_content:980e3db1-c293-4ef1-8909-4220e0772e98'
  label: 'Hey This is custom a block'
  label_display: visible
  provider: block_content
  status: true
  info: ''
  view_mode: full
visibility:
  request_path:
    id: request_path
    negate: false
    pages: /vvv
